
Microsoft Visual Studio Solution File, Format Version 12.00
# Visual Studio 2012
Project("{FAE04EC0-301F-11D3-BF4B-00C04F79EFBC}") = "Demo_ForEachMembers", "Demo_ForEachMembers\Demo_ForEachMembers.csproj", "{FEB9BDF6-59AD-4B8A-8135-4FB034BA80D7}"
EndProject
Global
	GlobalSection(SolutionConfigurationPlatforms) = preSolution
		Debug|Any CPU = Debug|Any CPU
		Release|Any CPU = Release|Any CPU
	EndGlobalSection
	GlobalSection(ProjectConfigurationPlatforms) = postSolution
		{FEB9BDF6-59AD-4B8A-8135-4FB034BA80D7}.Debug|Any CPU.ActiveCfg = Debug|Any CPU
		{FEB9BDF6-59AD-4B8A-8135-4FB034BA80D7}.Debug|Any CPU.Build.0 = Debug|Any CPU
		{FEB9BDF6-59AD-4B8A-8135-4FB034BA80D7}.Release|Any CPU.ActiveCfg = Release|Any CPU
		{FEB9BDF6-59AD-4B8A-8135-4FB034BA80D7}.Release|Any CPU.Build.0 = Release|Any CPU
	EndGlobalSection
	GlobalSection(SolutionProperties) = preSolution
		HideSolutionNode = FALSE
	EndGlobalSection
EndGlobal
